
Microsoft Visual Studio Solution File, Format Version 12.00
# Visual Studio 15
VisualStudioVersion = 15.0.26730.3
MinimumVisualStudioVersion = 10.0.40219.1
Project("{8BC9CEB8-8B4A-11D0-8D11-00A0C91BC942}") = "config", "config\config.vcxproj", "{F15821A5-516F-4A2E-9E45-647F6E8ADCD3}"
EndProject
Project("{8BC9CEB8-8B4A-11D0-8D11-00A0C91BC942}") = "tinyxml", "tinyxml\tinyxml_lib.vcxproj", "{C406DAEC-0886-4771-8DEA-9D7329B46CC1}"
EndProject
Global
	GlobalSection(SolutionConfigurationPlatforms) = preSolution
		Debug|x86 = Debug|x86
		NFS2SE|x86 = NFS2SE|x86
		NFS3|x86 = NFS3|x86
		NFS4|x86 = NFS4|x86
		NFS5|x86 = NFS5|x86
		Release|x86 = Release|x86
	EndGlobalSection
	GlobalSection(ProjectConfigurationPlatforms) = postSolution
		{F15821A5-516F-4A2E-9E45-647F6E8ADCD3}.Debug|x86.ActiveCfg = Debug|Win32
		{F15821A5-516F-4A2E-9E45-647F6E8ADCD3}.Debug|x86.Build.0 = Debug|Win32
		{F15821A5-516F-4A2E-9E45-647F6E8ADCD3}.NFS2SE|x86.ActiveCfg = NFS2SE|Win32
		{F15821A5-516F-4A2E-9E45-647F6E8ADCD3}.NFS2SE|x86.Build.0 = NFS2SE|Win32
		{F15821A5-516F-4A2E-9E45-647F6E8ADCD3}.NFS3|x86.ActiveCfg = NFS3|Win32
		{F15821A5-516F-4A2E-9E45-647F6E8ADCD3}.NFS3|x86.Build.0 = NFS3|Win32
		{F15821A5-516F-4A2E-9E45-647F6E8ADCD3}.NFS4|x86.ActiveCfg = NFS4|Win32
		{F15821A5-516F-4A2E-9E45-647F6E8ADCD3}.NFS4|x86.Build.0 = NFS4|Win32
		{F15821A5-516F-4A2E-9E45-647F6E8ADCD3}.NFS5|x86.ActiveCfg = NFS5|Win32
		{F15821A5-516F-4A2E-9E45-647F6E8ADCD3}.NFS5|x86.Build.0 = NFS5|Win32
		{F15821A5-516F-4A2E-9E45-647F6E8ADCD3}.Release|x86.ActiveCfg = Release|Win32
		{F15821A5-516F-4A2E-9E45-647F6E8ADCD3}.Release|x86.Build.0 = Release|Win32
		{C406DAEC-0886-4771-8DEA-9D7329B46CC1}.Debug|x86.ActiveCfg = Debug|Win32
		{C406DAEC-0886-4771-8DEA-9D7329B46CC1}.Debug|x86.Build.0 = Debug|Win32
		{C406DAEC-0886-4771-8DEA-9D7329B46CC1}.NFS2SE|x86.ActiveCfg = NFS2SE|Win32
		{C406DAEC-0886-4771-8DEA-9D7329B46CC1}.NFS2SE|x86.Build.0 = NFS2SE|Win32
		{C406DAEC-0886-4771-8DEA-9D7329B46CC1}.NFS3|x86.ActiveCfg = NFS3|Win32
		{C406DAEC-0886-4771-8DEA-9D7329B46CC1}.NFS3|x86.Build.0 = NFS3|Win32
		{C406DAEC-0886-4771-8DEA-9D7329B46CC1}.NFS4|x86.ActiveCfg = NFS4|Win32
		{C406DAEC-0886-4771-8DEA-9D7329B46CC1}.NFS4|x86.Build.0 = NFS4|Win32
		{C406DAEC-0886-4771-8DEA-9D7329B46CC1}.NFS5|x86.ActiveCfg = NFS5|Win32
		{C406DAEC-0886-4771-8DEA-9D7329B46CC1}.NFS5|x86.Build.0 = NFS5|Win32
		{C406DAEC-0886-4771-8DEA-9D7329B46CC1}.Release|x86.ActiveCfg = Release|Win32
		{C406DAEC-0886-4771-8DEA-9D7329B46CC1}.Release|x86.Build.0 = Release|Win32
		{C406DAEC-0886-4771-8DEA-9D7329B46CC1}.Release|x86.Deploy.0 = Release|Win32
	EndGlobalSection
	GlobalSection(SolutionProperties) = preSolution
		HideSolutionNode = FALSE
	EndGlobalSection
	GlobalSection(ExtensibilityGlobals) = postSolution
		SolutionGuid = {660BE600-DAA5-44DA-A282-A86699C85373}
	EndGlobalSection
EndGlobal
